
Microsoft Visual Studio Solution File, Format Version 12.00
# Visual Studio Version 16
VisualStudioVersion = 16.0.30011.22
MinimumVisualStudioVersion = 10.0.40219.1
Project("{9A19103F-16F7-4668-BE54-9A1E7A4F7556}") = "AppVentas", "AppVentas\AppVentas\AppVentas.csproj", "{FD1A3C83-0F93-4D14-AD21-1AEAADF2EE2E}"
EndProject
Project("{FAE04EC0-301F-11D3-BF4B-00C04F79EFBC}") = "AppVentas.Android", "AppVentas\AppVentas.Android\AppVentas.Android.csproj", "{778CCDDD-4780-4F79-A861-3E9E797CC5BE}"
EndProject
Project("{FAE04EC0-301F-11D3-BF4B-00C04F79EFBC}") = "AppVentas.iOS", "AppVentas\AppVentas.iOS\AppVentas.iOS.csproj", "{282B9545-2B28-47C9-987D-51499C75EE17}"
EndProject
Global
	GlobalSection(SolutionConfigurationPlatforms) = preSolution
		Ad-Hoc|Any CPU = Ad-Hoc|Any CPU
		Ad-Hoc|iPhone = Ad-Hoc|iPhone
		Ad-Hoc|iPhoneSimulator = Ad-Hoc|iPhoneSimulator
		AppStore|Any CPU = AppStore|Any CPU
		AppStore|iPhone = AppStore|iPhone
		AppStore|iPhoneSimulator = AppStore|iPhoneSimulator
		Debug|Any CPU = Debug|Any CPU
		Debug|iPhone = Debug|iPhone
		Debug|iPhoneSimulator = Debug|iPhoneSimulator
		Release|Any CPU = Release|Any CPU
		Release|iPhone = Release|iPhone
		Release|iPhoneSimulator = Release|iPhoneSimulator
	EndGlobalSection
	GlobalSection(ProjectConfigurationPlatforms) = postSolution
		{FD1A3C83-0F93-4D14-AD21-1AEAADF2EE2E}.Ad-Hoc|Any CPU.ActiveCfg = Debug|Any CPU
		{FD1A3C83-0F93-4D14-AD21-1AEAADF2EE2E}.Ad-Hoc|Any CPU.Build.0 = Debug|Any CPU
		{FD1A3C83-0F93-4D14-AD21-1AEAADF2EE2E}.Ad-Hoc|iPhone.ActiveCfg = Debug|Any CPU
		{FD1A3C83-0F93-4D14-AD21-1AEAADF2EE2E}.Ad-Hoc|iPhone.Build.0 = Debug|Any CPU
		{FD1A3C83-0F93-4D14-AD21-1AEAADF2EE2E}.Ad-Hoc|iPhoneSimulator.ActiveCfg = Debug|Any CPU
		{FD1A3C83-0F93-4D14-AD21-1AEAADF2EE2E}.Ad-Hoc|iPhoneSimulator.Build.0 = Debug|Any CPU
		{FD1A3C83-0F93-4D14-AD21-1AEAADF2EE2E}.AppStore|Any CPU.ActiveCfg = Debug|Any CPU
		{FD1A3C83-0F93-4D14-AD21-1AEAADF2EE2E}.AppStore|Any CPU.Build.0 = Debug|Any CPU
		{FD1A3C83-0F93-4D14-AD21-1AEAADF2EE2E}.AppStore|iPhone.ActiveCfg = Debug|Any CPU
		{FD1A3C83-0F93-4D14-AD21-1AEAADF2EE2E}.AppStore|iPhone.Build.0 = Debug|Any CPU
		{FD1A3C83-0F93-4D14-AD21-1AEAADF2EE2E}.AppStore|iPhoneSimulator.ActiveCfg = Debug|Any CPU
		{FD1A3C83-0F93-4D14-AD21-1AEAADF2EE2E}.AppStore|iPhoneSimulator.Build.0 = Debug|Any CPU
		{FD1A3C83-0F93-4D14-AD21-1AEAADF2EE2E}.Debug|Any CPU.ActiveCfg = Debug|Any CPU
		{FD1A3C83-0F93-4D14-AD21-1AEAADF2EE2E}.Debug|Any CPU.Build.0 = Debug|Any CPU
		{FD1A3C83-0F93-4D14-AD21-1AEAADF2EE2E}.Debug|iPhone.ActiveCfg = Debug|Any CPU
		{FD1A3C83-0F93-4D14-AD21-1AEAADF2EE2E}.Debug|iPhone.Build.0 = Debug|Any CPU
		{FD1A3C83-0F93-4D14-AD21-1AEAADF2EE2E}.Debug|iPhoneSimulator.ActiveCfg = Debug|Any CPU
		{FD1A3C83-0F93-4D14-AD21-1AEAADF2EE2E}.Debug|iPhoneSimulator.Build.0 = Debug|Any CPU
		{FD1A3C83-0F93-4D14-AD21-1AEAADF2EE2E}.Release|Any CPU.ActiveCfg = Release|Any CPU
		{FD1A3C83-0F93-4D14-AD21-1AEAADF2EE2E}.Release|Any CPU.Build.0 = Release|Any CPU
		{FD1A3C83-0F93-4D14-AD21-1AEAADF2EE2E}.Release|iPhone.ActiveCfg = Release|Any CPU
		{FD1A3C83-0F93-4D14-AD21-1AEAADF2EE2E}.Release|iPhone.Build.0 = Release|Any CPU
		{FD1A3C83-0F93-4D14-AD21-1AEAADF2EE2E}.Release|iPhoneSimulator.ActiveCfg = Release|Any CPU
		{FD1A3C83-0F93-4D14-AD21-1AEAADF2EE2E}.Release|iPhoneSimulator.Build.0 = Release|Any CPU
		{778CCDDD-4780-4F79-A861-3E9E797CC5BE}.Ad-Hoc|Any CPU.ActiveCfg = Release|Any CPU
		{778CCDDD-4780-4F79-A861-3E9E797CC5BE}.Ad-Hoc|Any CPU.Build.0 = Release|Any CPU
		{778CCDDD-4780-4F79-A861-3E9E797CC5BE}.Ad-Hoc|Any CPU.Deploy.0 = Release|Any CPU
		{778CCDDD-4780-4F79-A861-3E9E797CC5BE}.Ad-Hoc|iPhone.ActiveCfg = Release|Any CPU
		{778CCDDD-4780-4F79-A861-3E9E797CC5BE}.Ad-Hoc|iPhone.Build.0 = Release|Any CPU
		{778CCDDD-4780-4F79-A861-3E9E797CC5BE}.Ad-Hoc|iPhone.Deploy.0 = Release|Any CPU
		{778CCDDD-4780-4F79-A861-3E9E797CC5BE}.Ad-Hoc|iPhoneSimulator.ActiveCfg = Release|Any CPU
		{778CCDDD-4780-4F79-A861-3E9E797CC5BE}.Ad-Hoc|iPhoneSimulator.Build.0 = Release|Any CPU
		{778CCDDD-4780-4F79-A861-3E9E797CC5BE}.Ad-Hoc|iPhoneSimulator.Deploy.0 = Release|Any CPU
		{778CCDDD-4780-4F79-A861-3E9E797CC5BE}.AppStore|Any CPU.ActiveCfg = Release|Any CPU
		{778CCDDD-4780-4F79-A861-3E9E797CC5BE}.AppStore|Any CPU.Build.0 = Release|Any CPU
		{778CCDDD-4780-4F79-A861-3E9E797CC5BE}.AppStore|Any CPU.Deploy.0 = Release|Any CPU
		{778CCDDD-4780-4F79-A861-3E9E797CC5BE}.AppStore|iPhone.ActiveCfg = Release|Any CPU
		{778CCDDD-4780-4F79-A861-3E9E797CC5BE}.AppStore|iPhone.Build.0 = Release|Any CPU
		{778CCDDD-4780-4F79-A861-3E9E797CC5BE}.AppStore|iPhone.Deploy.0 = Release|Any CPU
		{778CCDDD-4780-4F79-A861-3E9E797CC5BE}.AppStore|iPhoneSimulator.ActiveCfg = Release|Any CPU
		{778CCDDD-4780-4F79-A861-3E9E797CC5BE}.AppStore|iPhoneSimulator.Build.0 = Release|Any CPU
		{778CCDDD-4780-4F79-A861-3E9E797CC5BE}.AppStore|iPhoneSimulator.Deploy.0 = Release|Any CPU
		{778CCDDD-4780-4F79-A861-3E9E797CC5BE}.Debug|Any CPU.ActiveCfg = Debug|Any CPU
		{778CCDDD-4780-4F79-A861-3E9E797CC5BE}.Debug|Any CPU.Build.0 = Debug|Any CPU
		{778CCDDD-4780-4F79-A861-3E9E797CC5BE}.Debug|Any CPU.Deploy.0 = Debug|Any CPU
		{778CCDDD-4780-4F79-A861-3E9E797CC5BE}.Debug|iPhone.ActiveCfg = Debug|Any CPU
		{778CCDDD-4780-4F79-A861-3E9E797CC5BE}.Debug|iPhone.Build.0 = Debug|Any CPU
		{778CCDDD-4780-4F79-A861-3E9E797CC5BE}.Debug|iPhone.Deploy.0 = Debug|Any CPU
		{778CCDDD-4780-4F79-A861-3E9E797CC5BE}.Debug|iPhoneSimulator.ActiveCfg = Debug|Any CPU
		{778CCDDD-4780-4F79-A861-3E9E797CC5BE}.Debug|iPhoneSimulator.Build.0 = Debug|Any CPU
		{778CCDDD-4780-4F79-A861-3E9E797CC5BE}.Debug|iPhoneSimulator.Deploy.0 = Debug|Any CPU
		{778CCDDD-4780-4F79-A861-3E9E797CC5BE}.Release|Any CPU.ActiveCfg = Release|Any CPU
		{778CCDDD-4780-4F79-A861-3E9E797CC5BE}.Release|Any CPU.Build.0 = Release|Any CPU
		{778CCDDD-4780-4F79-A861-3E9E797CC5BE}.Release|Any CPU.Deploy.0 = Release|Any CPU
		{778CCDDD-4780-4F79-A861-3E9E797CC5BE}.Release|iPhone.ActiveCfg = Release|Any CPU
		{778CCDDD-4780-4F79-A861-3E9E797CC5BE}.Release|iPhone.Build.0 = Release|Any CPU
		{778CCDDD-4780-4F79-A861-3E9E797CC5BE}.Release|iPhone.Deploy.0 = Release|Any CPU
		{778CCDDD-4780-4F79-A861-3E9E797CC5BE}.Release|iPhoneSimulator.ActiveCfg = Release|Any CPU
		{778CCDDD-4780-4F79-A861-3E9E797CC5BE}.Release|iPhoneSimulator.Build.0 = Release|Any CPU
		{778CCDDD-4780-4F79-A861-3E9E797CC5BE}.Release|iPhoneSimulator.Deploy.0 = Release|Any CPU
		{282B9545-2B28-47C9-987D-51499C75EE17}.Ad-Hoc|Any CPU.ActiveCfg = Ad-Hoc|iPhone
		{282B9545-2B28-47C9-987D-51499C75EE17}.Ad-Hoc|iPhone.ActiveCfg = Ad-Hoc|iPhone
		{282B9545-2B28-47C9-987D-51499C75EE17}.Ad-Hoc|iPhone.Build.0 = Ad-Hoc|iPhone
		{282B9545-2B28-47C9-987D-51499C75EE17}.Ad-Hoc|iPhoneSimulator.ActiveCfg = Ad-Hoc|iPhoneSimulator
		{282B9545-2B28-47C9-987D-51499C75EE17}.Ad-Hoc|iPhoneSimulator.Build.0 = Ad-Hoc|iPhoneSimulator
		{282B9545-2B28-47C9-987D-51499C75EE17}.AppStore|Any CPU.ActiveCfg = AppStore|iPhone
		{282B9545-2B28-47C9-987D-51499C75EE17}.AppStore|iPhone.ActiveCfg = AppStore|iPhone
		{282B9545-2B28-47C9-987D-51499C75EE17}.AppStore|iPhone.Build.0 = AppStore|iPhone
		{282B9545-2B28-47C9-987D-51499C75EE17}.AppStore|iPhoneSimulator.ActiveCfg = AppStore|iPhoneSimulator
		{282B9545-2B28-47C9-987D-51499C75EE17}.AppStore|iPhoneSimulator.Build.0 = AppStore|iPhoneSimulator
		{282B9545-2B28-47C9-987D-51499C75EE17}.Debug|Any CPU.ActiveCfg = Debug|iPhone
		{282B9545-2B28-47C9-987D-51499C75EE17}.Debug|iPhone.ActiveCfg = Debug|iPhone
		{282B9545-2B28-47C9-987D-51499C75EE17}.Debug|iPhone.Build.0 = Debug|iPhone
		{282B9545-2B28-47C9-987D-51499C75EE17}.Debug|iPhoneSimulator.ActiveCfg = Debug|iPhoneSimulator
		{282B9545-2B28-47C9-987D-51499C75EE17}.Debug|iPhoneSimulator.Build.0 = Debug|iPhoneSimulator
		{282B9545-2B28-47C9-987D-51499C75EE17}.Release|Any CPU.ActiveCfg = Release|iPhone
		{282B9545-2B28-47C9-987D-51499C75EE17}.Release|iPhone.ActiveCfg = Release|iPhone
		{282B9545-2B28-47C9-987D-51499C75EE17}.Release|iPhone.Build.0 = Release|iPhone
		{282B9545-2B28-47C9-987D-51499C75EE17}.Release|iPhoneSimulator.ActiveCfg = Release|iPhoneSimulator
		{282B9545-2B28-47C9-987D-51499C75EE17}.Release|iPhoneSimulator.Build.0 = Release|iPhoneSimulator
	EndGlobalSection
	GlobalSection(SolutionProperties) = preSolution
		HideSolutionNode = FALSE
	EndGlobalSection
	GlobalSection(ExtensibilityGlobals) = postSolution
		SolutionGuid = {D0194498-CC78-4088-9EFF-C4079DFCCB14}
	EndGlobalSection
EndGlobal
